// !$*UTF8*$!
{
	archiveVersion = 1;
	classes = {
	};
	objectVersion = 50;
	objects = {

/* Begin PBXBuildFile section */
		1D3771E325BDCB1000CF1CA0 /* AppDelegate.swift in Sources */ = {isa = PBXBuildFile; fileRef = 1D3771E225BDCB1000CF1CA0 /* AppDelegate.swift */; };
		1D3771E525BDCB1000CF1CA0 /* SceneDelegate.swift in Sources */ = {isa = PBXBuildFile; fileRef = 1D3771E425BDCB1000CF1CA0 /* SceneDelegate.swift */; };
		1D3771E725BDCB1000CF1CA0 /* ViewController.swift in Sources */ = {isa = PBXBuildFile; fileRef = 1D3771E625BDCB1000CF1CA0 /* ViewController.swift */; };
		1D3771EA25BDCB1000CF1CA0 /* Main.storyboard in Resources */ = {isa = PBXBuildFile; fileRef = 1D3771E825BDCB1000CF1CA0 /* Main.storyboard */; };
		1D3771EF25BDCB1100CF1CA0 /* Assets.xcassets in Resources */ = {isa = PBXBuildFile; fileRef = 1D3771EE25BDCB1100CF1CA0 /* Assets.xcassets */; };
		1D3771F225BDCB1100CF1CA0 /* LaunchScreen.storyboard in Resources */ = {isa = PBXBuildFile; fileRef = 1D3771F025BDCB1100CF1CA0 /* LaunchScreen.storyboard */; };
		1D3771FB25BDCBEA00CF1CA0 /* MontainRowData.swift in Sources */ = {isa = PBXBuildFile; fileRef = 1D3771FA25BDCBEA00CF1CA0 /* MontainRowData.swift */; };
/* End PBXBuildFile section */

/* Begin PBXFileReference section */
		1D3771DF25BDCB1000CF1CA0 /* DiffableDataSource-Start.app */ = {isa = PBXFileReference; explicitFileType = wrapper.application; includeInIndex = 0; path = "DiffableDataSource-Start.app"; sourceTree = BUILT_PRODUCTS_DIR; };
		1D3771E225BDCB1000CF1CA0 /* AppDelegate.swift */ = {isa = PBXFileReference; lastKnownFileType = sourcecode.swift; path = AppDelegate.swift; sourceTree = "<group>"; };
		1D3771E425BDCB1000CF1CA0 /* SceneDelegate.swift */ = {isa = PBXFileReference; lastKnownFileType = sourcecode.swift; path = SceneDelegate.swift; sourceTree = "<group>"; };
		1D3771E625BDCB1000CF1CA0 /* ViewController.swift */ = {isa = PBXFileReference; lastKnownFileType = sourcecode.swift; path = ViewController.swift; sourceTree = "<group>"; };
		1D3771E925BDCB1000CF1CA0 /* Base */ = {isa = PBXFileReference; lastKnownFileType = file.storyboard; name = Base; path = Base.lproj/Main.storyboard; sourceTree = "<group>"; };
		1D3771EE25BDCB1100CF1CA0 /* Assets.xcassets */ = {isa = PBXFileReference; lastKnownFileType = folder.assetcatalog; path = Assets.xcassets; sourceTree = "<group>"; };
		1D3771F125BDCB1100CF1CA0 /* Base */ = {isa = PBXFileReference; lastKnownFileType = file.storyboard; name = Base; path = Base.lproj/LaunchScreen.storyboard; sourceTree = "<group>"; };
		1D3771F325BDCB1100CF1CA0 /* Info.plist */ = {isa = PBXFileReference; lastKnownFileType = text.plist.xml; path = Info.plist; sourceTree = "<group>"; };
		1D3771FA25BDCBEA00CF1CA0 /* MontainRowData.swift */ = {isa = PBXFileReference; lastKnownFileType = sourcecode.swift; path = MontainRowData.swift; sourceTree = "<group>"; };
/* End PBXFileReference section */

/* Begin PBXFrameworksBuildPhase section */
		1D3771DC25BDCB1000CF1CA0 /* Frameworks */ = {
			isa = PBXFrameworksBuildPhase;
			buildActionMask = 2147483647;
			files = (
			);
			runOnlyForDeploymentPostprocessing = 0;
		};
/* End PBXFrameworksBuildPhase section */

/* Begin PBXGroup section */
		1D3771D625BDCB1000CF1CA0 = {
			isa = PBXGroup;
			children = (
				1D3771E125BDCB1000CF1CA0 /* DiffableDataSource-Start */,
				1D3771E025BDCB1000CF1CA0 /* Products */,
			);
			sourceTree = "<group>";
		};
		1D3771E025BDCB1000CF1CA0 /* Products */ = {
			isa = PBXGroup;
			children = (
				1D3771DF25BDCB1000CF1CA0 /* DiffableDataSource-Start.app */,
			);
			name = Products;
			sourceTree = "<group>";
		};
		1D3771E125BDCB1000CF1CA0 /* DiffableDataSource-Start */ = {
			isa = PBXGroup;
			children = (
				1D3771E225BDCB1000CF1CA0 /* AppDelegate.swift */,
				1D3771E425BDCB1000CF1CA0 /* SceneDelegate.swift */,
				1D3771FD25BDCBF500CF1CA0 /* View Controllers */,
				1D37720225BDCC3700CF1CA0 /* Model */,
				1D37720025BDCC2700CF1CA0 /* Storyboard */,
				1D37720125BDCC2E00CF1CA0 /* Supporting Files */,
			);
			path = "DiffableDataSource-Start";
			sourceTree = "<group>";
		};
		1D3771FD25BDCBF500CF1CA0 /* View Controllers */ = {
			isa = PBXGroup;
			children = (
				1D3771E625BDCB1000CF1CA0 /* ViewController.swift */,
			);
			path = "View Controllers";
			sourceTree = "<group>";
		};
		1D37720025BDCC2700CF1CA0 /* Storyboard */ = {
			isa = PBXGroup;
			children = (
				1D3771E825BDCB1000CF1CA0 /* Main.storyboard */,
			);
			path = Storyboard;
			sourceTree = "<group>";
		};
		1D37720125BDCC2E00CF1CA0 /* Supporting Files */ = {
			isa = PBXGroup;
			children = (
				1D3771EE25BDCB1100CF1CA0 /* Assets.xcassets */,
				1D3771F025BDCB1100CF1CA0 /* LaunchScreen.storyboard */,
				1D3771F325BDCB1100CF1CA0 /* Info.plist */,
			);
			path = "Supporting Files";
			sourceTree = "<group>";
		};
		1D37720225BDCC3700CF1CA0 /* Model */ = {
			isa = PBXGroup;
			children = (
				1D3771FA25BDCBEA00CF1CA0 /* MontainRowData.swift */,
			);
			path = Model;
			sourceTree = "<group>";
		};
/* End PBXGroup section */

/* Begin PBXNativeTarget section */
		1D3771DE25BDCB1000CF1CA0 /* DiffableDataSource-Start */ = {
			isa = PBXNativeTarget;
			buildConfigurationList = 1D3771F625BDCB1100CF1CA0 /* Build configuration list for PBXNativeTarget "DiffableDataSource-Start" */;
			buildPhases = (
				1D3771DB25BDCB1000CF1CA0 /* Sources */,
				1D3771DC25BDCB1000CF1CA0 /* Frameworks */,
				1D3771DD25BDCB1000CF1CA0 /* Resources */,
			);
			buildRules = (
			);
			dependencies = (
			);
			name = "DiffableDataSource-Start";
			productName = "DiffableDataSource-Start";
			productReference = 1D3771DF25BDCB1000CF1CA0 /* DiffableDataSource-Start.app */;
			productType = "com.apple.product-type.application";
		};
/* End PBXNativeTarget section */

/* Begin PBXProject section */
		1D3771D725BDCB1000CF1CA0 /* Project object */ = {
			isa = PBXProject;
			attributes = {
				LastSwiftUpdateCheck = 1230;
				LastUpgradeCheck = 1230;
				TargetAttributes = {
					1D3771DE25BDCB1000CF1CA0 = {
						CreatedOnToolsVersion = 12.3;
					};
				};
			};
			buildConfigurationList = 1D3771DA25BDCB1000CF1CA0 /* Build configuration list for PBXProject "DiffableDataSource-Start" */;
			compatibilityVersion = "Xcode 9.3";
			developmentRegion = en;
			hasScannedForEncodings = 0;
			knownRegions = (
				en,
				Base,
			);
			mainGroup = 1D3771D625BDCB1000CF1CA0;
			productRefGroup = 1D3771E025BDCB1000CF1CA0 /* Products */;
			projectDirPath = "";
			projectRoot = "";
			targets = (
				1D3771DE25BDCB1000CF1CA0 /* DiffableDataSource-Start */,
			);
		};
/* End PBXProject section */

/* Begin PBXResourcesBuildPhase section */
		1D3771DD25BDCB1000CF1CA0 /* Resources */ = {
			isa = PBXResourcesBuildPhase;
			buildActionMask = 2147483647;
			files = (
				1D3771F225BDCB1100CF1CA0 /* LaunchScreen.storyboard in Resources */,
				1D3771EF25BDCB1100CF1CA0 /* Assets.xcassets in Resources */,
				1D3771EA25BDCB1000CF1CA0 /* Main.storyboard in Resources */,
			);
			runOnlyForDeploymentPostprocessing = 0;
		};
/* End PBXResourcesBuildPhase section */

/* Begin PBXSourcesBuildPhase section */
		1D3771DB25BDCB1000CF1CA0 /* Sources */ = {
			isa = PBXSourcesBuildPhase;
			buildActionMask = 2147483647;
			files = (
				1D3771E725BDCB1000CF1CA0 /* ViewController.swift in Sources */,
				1D3771E325BDCB1000CF1CA0 /* AppDelegate.swift in Sources */,
				1D3771E525BDCB1000CF1CA0 /* SceneDelegate.swift in Sources */,
				1D3771FB25BDCBEA00CF1CA0 /* MontainRowData.swift in Sources */,
			);
			runOnlyForDeploymentPostprocessing = 0;
		};
/* End PBXSourcesBuildPhase section */

/* Begin PBXVariantGroup section */
		1D3771E825BDCB1000CF1CA0 /* Main.storyboard */ = {
			isa = PBXVariantGroup;
			children = (
				1D3771E925BDCB1000CF1CA0 /* Base */,
			);
			name = Main.storyboard;
			sourceTree = "<group>";
		};
		1D3771F025BDCB1100CF1CA0 /* LaunchScreen.storyboard */ = {
			isa = PBXVariantGroup;
			children = (
				1D3771F125BDCB1100CF1CA0 /* Base */,
			);
			name = LaunchScreen.storyboard;
			sourceTree = "<group>";
		};
/* End PBXVariantGroup section */

/* Begin XCBuildConfiguration section */
		1D3771F425BDCB1100CF1CA0 /* Debug */ = {
			isa = XCBuildConfiguration;
			buildSettings = {
				ALWAYS_SEARCH_USER_PATHS = NO;
				CLANG_ANALYZER_NONNULL = YES;
				CLANG_ANALYZER_NUMBER_OBJECT_CONVERSION = YES_AGGRESSIVE;
				CLANG_CXX_LANGUAGE_STANDARD = "gnu++14";
				CLANG_CXX_LIBRARY = "libc++";
				CLANG_ENABLE_MODULES = YES;
				CLANG_ENABLE_OBJC_ARC = YES;
				CLANG_ENABLE_OBJC_WEAK = YES;
				CLANG_WARN_BLOCK_CAPTURE_AUTORELEASING = YES;
				CLANG_WARN_BOOL_CONVERSION = YES;
				CLANG_WARN_COMMA = YES;
				CLANG_WARN_CONSTANT_CONVERSION = YES;
				CLANG_WARN_DEPRECATED_OBJC_IMPLEMENTATIONS = YES;
				CLANG_WARN_DIRECT_OBJC_ISA_USAGE = YES_ERROR;
				CLANG_WARN_DOCUMENTATION_COMMENTS = YES;
				CLANG_WARN_EMPTY_BODY = YES;
				CLANG_WARN_ENUM_CONVERSION = YES;
				CLANG_WARN_INFINITE_RECURSION = YES;
				CLANG_WARN_INT_CONVERSION = YES;
				CLANG_WARN_NON_LITERAL_NULL_CONVERSION = YES;
				CLANG_WARN_OBJC_IMPLICIT_RETAIN_SELF = YES;
				CLANG_WARN_OBJC_LITERAL_CONVERSION = YES;
				CLANG_WARN_OBJC_ROOT_CLASS = YES_ERROR;
				CLANG_WARN_QUOTED_INCLUDE_IN_FRAMEWORK_HEADER = YES;
				CLANG_WARN_RANGE_LOOP_ANALYSIS = YES;
				CLANG_WARN_STRICT_PROTOTYPES = YES;
				CLANG_WARN_SUSPICIOUS_MOVE = YES;
				CLANG_WARN_UNGUARDED_AVAILABILITY = YES_AGGRESSIVE;
				CLANG_WARN_UNREACHABLE_CODE = YES;
				CLANG_WARN__DUPLICATE_METHOD_MATCH = YES;
				COPY_PHASE_STRIP = NO;
				DEBUG_INFORMATION_FORMAT = dwarf;
				ENABLE_STRICT_OBJC_MSGSEND = YES;
				ENABLE_TESTABILITY = YES;
				GCC_C_LANGUAGE_STANDARD = gnu11;
				GCC_DYNAMIC_NO_PIC = NO;
				GCC_NO_COMMON_BLOCKS = YES;
				GCC_OPTIMIZATION_LEVEL = 0;
				GCC_PREPROCESSOR_DEFINITIONS = (
					"DEBUG=1",
					"$(inherited)",
				);
				GCC_WARN_64_TO_32_BIT_CONVERSION = YES;
				GCC_WARN_ABOUT_RETURN_TYPE = YES_ERROR;
				GCC_WARN_UNDECLARED_SELECTOR = YES;
				GCC_WARN_UNINITIALIZED_AUTOS = YES_AGGRESSIVE;
				GCC_WARN_UNUSED_FUNCTION = YES;
				GCC_WARN_UNUSED_VARIABLE = YES;
				IPHONEOS_DEPLOYMENT_TARGET = 14.3;
				MTL_ENABLE_DEBUG_INFO = INCLUDE_SOURCE;
				MTL_FAST_MATH = YES;
				ONLY_ACTIVE_ARCH = YES;
				SDKROOT = iphoneos;
				SWIFT_ACTIVE_COMPILATION_CONDITIONS = DEBUG;
				SWIFT_OPTIMIZATION_LEVEL = "-Onone";
			};
			name = Debug;
		};
		1D3771F525BDCB1100CF1CA0 /* Release */ = {
			isa = XCBuildConfiguration;
			buildSettings = {
				ALWAYS_SEARCH_USER_PATHS = NO;
				CLANG_ANALYZER_NONNULL = YES;
				CLANG_ANALYZER_NUMBER_OBJECT_CONVERSION = YES_AGGRESSIVE;
				CLANG_CXX_LANGUAGE_STANDARD = "gnu++14";
				CLANG_CXX_LIBRARY = "libc++";
				CLANG_ENABLE_MODULES = YES;
				CLANG_ENABLE_OBJC_ARC = YES;
				CLANG_ENABLE_OBJC_WEAK = YES;
				CLANG_WARN_BLOCK_CAPTURE_AUTORELEASING = YES;
				CLANG_WARN_BOOL_CONVERSION = YES;
				CLANG_WARN_COMMA = YES;
				CLANG_WARN_CONSTANT_CONVERSION = YES;
				CLANG_WARN_DEPRECATED_OBJC_IMPLEMENTATIONS = YES;
				CLANG_WARN_DIRECT_OBJC_ISA_USAGE = YES_ERROR;
				CLANG_WARN_DOCUMENTATION_COMMENTS = YES;
				CLANG_WARN_EMPTY_BODY = YES;
				CLANG_WARN_ENUM_CONVERSION = YES;
				CLANG_WARN_INFINITE_RECURSION = YES;
				CLANG_WARN_INT_CONVERSION = YES;
				CLANG_WARN_NON_LITERAL_NULL_CONVERSION = YES;
				CLANG_WARN_OBJC_IMPLICIT_RETAIN_SELF = YES;
				CLANG_WARN_OBJC_LITERAL_CONVERSION = YES;
				CLANG_WARN_OBJC_ROOT_CLASS = YES_ERROR;
				CLANG_WARN_QUOTED_INCLUDE_IN_FRAMEWORK_HEADER = YES;
				CLANG_WARN_RANGE_LOOP_ANALYSIS = YES;
				CLANG_WARN_STRICT_PROTOTYPES = YES;
				CLANG_WARN_SUSPICIOUS_MOVE = YES;
				CLANG_WARN_UNGUARDED_AVAILABILITY = YES_AGGRESSIVE;
				CLANG_WARN_UNREACHABLE_CODE = YES;
				CLANG_WARN__DUPLICATE_METHOD_MATCH = YES;
				COPY_PHASE_STRIP = NO;
				DEBUG_INFORMATION_FORMAT = "dwarf-with-dsym";
				ENABLE_NS_ASSERTIONS = NO;
				ENABLE_STRICT_OBJC_MSGSEND = YES;
				GCC_C_LANGUAGE_STANDARD = gnu11;
				GCC_NO_COMMON_BLOCKS = YES;
				GCC_WARN_64_TO_32_BIT_CONVERSION = YES;
				GCC_WARN_ABOUT_RETURN_TYPE = YES_ERROR;
				GCC_WARN_UNDECLARED_SELECTOR = YES;
				GCC_WARN_UNINITIALIZED_AUTOS = YES_AGGRESSIVE;
				GCC_WARN_UNUSED_FUNCTION = YES;
				GCC_WARN_UNUSED_VARIABLE = YES;
				IPHONEOS_DEPLOYMENT_TARGET = 14.3;
				MTL_ENABLE_DEBUG_INFO = NO;
				MTL_FAST_MATH = YES;
				SDKROOT = iphoneos;
				SWIFT_COMPILATION_MODE = wholemodule;
				SWIFT_OPTIMIZATION_LEVEL = "-O";
				VALIDATE_PRODUCT = YES;
			};
			name = Release;
		};
		1D3771F725BDCB1100CF1CA0 /* Debug */ = {
			isa = XCBuildConfiguration;
			buildSettings = {
				ASSETCATALOG_COMPILER_APPICON_NAME = AppIcon;
				ASSETCATALOG_COMPILER_GLOBAL_ACCENT_COLOR_NAME = AccentColor;
				CODE_SIGN_STYLE = Automatic;
				DEVELOPMENT_TEAM = 6FN9CX4PX9;
				INFOPLIST_FILE = "DiffableDataSource-Start/Supporting Files/Info.plist";
				LD_RUNPATH_SEARCH_PATHS = (
					"$(inherited)",
					"@executable_path/Frameworks",
				);
				PRODUCT_BUNDLE_IDENTIFIER = "com.example.DiffableDataSource-Start";
				PRODUCT_NAME = "$(TARGET_NAME)";
				SWIFT_VERSION = 5.0;
				TARGETED_DEVICE_FAMILY = "1,2";
			};
			name = Debug;
		};
		1D3771F825BDCB1100CF1CA0 /* Release */ = {
			isa = XCBuildConfiguration;
			buildSettings = {
				ASSETCATALOG_COMPILER_APPICON_NAME = AppIcon;
				ASSETCATALOG_COMPILER_GLOBAL_ACCENT_COLOR_NAME = AccentColor;
				CODE_SIGN_STYLE = Automatic;
				DEVELOPMENT_TEAM = 6FN9CX4PX9;
				INFOPLIST_FILE = "DiffableDataSource-Start/Supporting Files/Info.plist";
				LD_RUNPATH_SEARCH_PATHS = (
					"$(inherited)",
					"@executable_path/Frameworks",
				);
				PRODUCT_BUNDLE_IDENTIFIER = "com.example.DiffableDataSource-Start";
				PRODUCT_NAME = "$(TARGET_NAME)";
				SWIFT_VERSION = 5.0;
				TARGETED_DEVICE_FAMILY = "1,2";
			};
			name = Release;
		};
/* End XCBuildConfiguration section */

/* Begin XCConfigurationList section */
		1D3771DA25BDCB1000CF1CA0 /* Build configuration list for PBXProject "DiffableDataSource-Start" */ = {
			isa = XCConfigurationList;
			buildConfigurations = (
				1D3771F425BDCB1100CF1CA0 /* Debug */,
				1D3771F525BDCB1100CF1CA0 /* Release */,
			);
			defaultConfigurationIsVisible = 0;
			defaultConfigurationName = Release;
		};
		1D3771F625BDCB1100CF1CA0 /* Build configuration list for PBXNativeTarget "DiffableDataSource-Start" */ = {
			isa = XCConfigurationList;
			buildConfigurations = (
				1D3771F725BDCB1100CF1CA0 /* Debug */,
				1D3771F825BDCB1100CF1CA0 /* Release */,
			);
			defaultConfigurationIsVisible = 0;
			defaultConfigurationName = Release;
		};
/* End XCConfigurationList section */
	};
	rootObject = 1D3771D725BDCB1000CF1CA0 /* Project object */;
}
